// !$*UTF8*$!
{
	archiveVersion = 1;
	classes = {
	};
	objectVersion = 46;
	objects = {

/* Begin PBXBuildFile section */
		878FA9161B0950C0002015D1 /* AppDelegate.swift in Sources */ = {isa = PBXBuildFile; fileRef = 878FA9151B0950C0002015D1 /* AppDelegate.swift */; };
		878FA9181B0950C0002015D1 /* MasterViewController.swift in Sources */ = {isa = PBXBuildFile; fileRef = 878FA9171B0950C0002015D1 /* MasterViewController.swift */; };
		878FA91A1B0950C0002015D1 /* DetailViewController.swift in Sources */ = {isa = PBXBuildFile; fileRef = 878FA9191B0950C0002015D1 /* DetailViewController.swift */; };
		878FA91D1B0950C0002015D1 /* Main.storyboard in Resources */ = {isa = PBXBuildFile; fileRef = 878FA91B1B0950C0002015D1 /* Main.storyboard */; };
		878FA91F1B0950C0002015D1 /* Images.xcassets in Resources */ = {isa = PBXBuildFile; fileRef = 878FA91E1B0950C0002015D1 /* Images.xcassets */; };
		878FA9221B0950C0002015D1 /* LaunchScreen.xib in Resources */ = {isa = PBXBuildFile; fileRef = 878FA9201B0950C0002015D1 /* LaunchScreen.xib */; };
		878FA92E1B0950C0002015D1 /* HubWikiClientTests.swift in Sources */ = {isa = PBXBuildFile; fileRef = 878FA92D1B0950C0002015D1 /* HubWikiClientTests.swift */; };
/* End PBXBuildFile section */

/* Begin PBXContainerItemProxy section */
		878FA9281B0950C0002015D1 /* PBXContainerItemProxy */ = {
			isa = PBXContainerItemProxy;
			containerPortal = 878FA9081B0950C0002015D1 /* Project object */;
			proxyType = 1;
			remoteGlobalIDString = 878FA90F1B0950C0002015D1;
			remoteInfo = HubWikiClient;
		};
/* End PBXContainerItemProxy section */

/* Begin PBXFileReference section */
		878FA9101B0950C0002015D1 /* HubWikiClient.app */ = {isa = PBXFileReference; explicitFileType = wrapper.application; includeInIndex = 0; path = HubWikiClient.app; sourceTree = BUILT_PRODUCTS_DIR; };
		878FA9141B0950C0002015D1 /* Info.plist */ = {isa = PBXFileReference; lastKnownFileType = text.plist.xml; path = Info.plist; sourceTree = "<group>"; };
		878FA9151B0950C0002015D1 /* AppDelegate.swift */ = {isa = PBXFileReference; lastKnownFileType = sourcecode.swift; path = AppDelegate.swift; sourceTree = "<group>"; };
		878FA9171B0950C0002015D1 /* MasterViewController.swift */ = {isa = PBXFileReference; lastKnownFileType = sourcecode.swift; path = MasterViewController.swift; sourceTree = "<group>"; };
		878FA9191B0950C0002015D1 /* DetailViewController.swift */ = {isa = PBXFileReference; lastKnownFileType = sourcecode.swift; path = DetailViewController.swift; sourceTree = "<group>"; };
		878FA91C1B0950C0002015D1 /* Base */ = {isa = PBXFileReference; lastKnownFileType = file.storyboard; name = Base; path = Base.lproj/Main.storyboard; sourceTree = "<group>"; };
		878FA91E1B0950C0002015D1 /* Images.xcassets */ = {isa = PBXFileReference; lastKnownFileType = folder.assetcatalog; path = Images.xcassets; sourceTree = "<group>"; };
		878FA9211B0950C0002015D1 /* Base */ = {isa = PBXFileReference; lastKnownFileType = file.xib; name = Base; path = Base.lproj/LaunchScreen.xib; sourceTree = "<group>"; };
		878FA9271B0950C0002015D1 /* HubWikiClientTests.xctest */ = {isa = PBXFileReference; explicitFileType = wrapper.cfbundle; includeInIndex = 0; path = HubWikiClientTests.xctest; sourceTree = BUILT_PRODUCTS_DIR; };
		878FA92C1B0950C0002015D1 /* Info.plist */ = {isa = PBXFileReference; lastKnownFileType = text.plist.xml; path = Info.plist; sourceTree = "<group>"; };
		878FA92D1B0950C0002015D1 /* HubWikiClientTests.swift */ = {isa = PBXFileReference; lastKnownFileType = sourcecode.swift; path = HubWikiClientTests.swift; sourceTree = "<group>"; };
/* End PBXFileReference section */

/* Begin PBXFrameworksBuildPhase section */
		878FA90D1B0950C0002015D1 /* Frameworks */ = {
			isa = PBXFrameworksBuildPhase;
			buildActionMask = 2147483647;
			files = (
			);
			runOnlyForDeploymentPostprocessing = 0;
		};
		878FA9241B0950C0002015D1 /* Frameworks */ = {
			isa = PBXFrameworksBuildPhase;
			buildActionMask = 2147483647;
			files = (
			);
			runOnlyForDeploymentPostprocessing = 0;
		};
/* End PBXFrameworksBuildPhase section */

/* Begin PBXGroup section */
		878FA9071B0950C0002015D1 = {
			isa = PBXGroup;
			children = (
				878FA9121B0950C0002015D1 /* HubWikiClientiOS */,
				878FA92A1B0950C0002015D1 /* HubWikiClientiOSTests */,
				878FA9111B0950C0002015D1 /* Products */,
			);
			sourceTree = "<group>";
		};
		878FA9111B0950C0002015D1 /* Products */ = {
			isa = PBXGroup;
			children = (
				878FA9101B0950C0002015D1 /* HubWikiClient.app */,
				878FA9271B0950C0002015D1 /* HubWikiClientTests.xctest */,
			);
			name = Products;
			sourceTree = "<group>";
		};
		878FA9121B0950C0002015D1 /* HubWikiClientiOS */ = {
			isa = PBXGroup;
			children = (
				878FA9151B0950C0002015D1 /* AppDelegate.swift */,
				878FA9171B0950C0002015D1 /* MasterViewController.swift */,
				878FA9191B0950C0002015D1 /* DetailViewController.swift */,
				878FA91B1B0950C0002015D1 /* Main.storyboard */,
				878FA91E1B0950C0002015D1 /* Images.xcassets */,
				878FA9201B0950C0002015D1 /* LaunchScreen.xib */,
				878FA9131B0950C0002015D1 /* Supporting Files */,
			);
			path = HubWikiClientiOS;
			sourceTree = "<group>";
		};
		878FA9131B0950C0002015D1 /* Supporting Files */ = {
			isa = PBXGroup;
			children = (
				878FA9141B0950C0002015D1 /* Info.plist */,
			);
			name = "Supporting Files";
			sourceTree = "<group>";
		};
		878FA92A1B0950C0002015D1 /* HubWikiClientiOSTests */ = {
			isa = PBXGroup;
			children = (
				878FA92D1B0950C0002015D1 /* HubWikiClientTests.swift */,
				878FA92B1B0950C0002015D1 /* Supporting Files */,
			);
			path = HubWikiClientiOSTests;
			sourceTree = "<group>";
		};
		878FA92B1B0950C0002015D1 /* Supporting Files */ = {
			isa = PBXGroup;
			children = (
				878FA92C1B0950C0002015D1 /* Info.plist */,
			);
			name = "Supporting Files";
			sourceTree = "<group>";
		};
/* End PBXGroup section */

/* Begin PBXNativeTarget section */
		878FA90F1B0950C0002015D1 /* HubWikiClient */ = {
			isa = PBXNativeTarget;
			buildConfigurationList = 878FA9311B0950C0002015D1 /* Build configuration list for PBXNativeTarget "HubWikiClient" */;
			buildPhases = (
				878FA90C1B0950C0002015D1 /* Sources */,
				878FA90D1B0950C0002015D1 /* Frameworks */,
				878FA90E1B0950C0002015D1 /* Resources */,
			);
			buildRules = (
			);
			dependencies = (
			);
			name = HubWikiClient;
			productName = HubWikiClient;
			productReference = 878FA9101B0950C0002015D1 /* HubWikiClient.app */;
			productType = "com.apple.product-type.application";
		};
		878FA9261B0950C0002015D1 /* HubWikiClientTests */ = {
			isa = PBXNativeTarget;
			buildConfigurationList = 878FA9341B0950C0002015D1 /* Build configuration list for PBXNativeTarget "HubWikiClientTests" */;
			buildPhases = (
				878FA9231B0950C0002015D1 /* Sources */,
				878FA9241B0950C0002015D1 /* Frameworks */,
				878FA9251B0950C0002015D1 /* Resources */,
			);
			buildRules = (
			);
			dependencies = (
				878FA9291B0950C0002015D1 /* PBXTargetDependency */,
			);
			name = HubWikiClientTests;
			productName = HubWikiClientTests;
			productReference = 878FA9271B0950C0002015D1 /* HubWikiClientTests.xctest */;
			productType = "com.apple.product-type.bundle.unit-test";
		};
/* End PBXNativeTarget section */

/* Begin PBXProject section */
		878FA9081B0950C0002015D1 /* Project object */ = {
			isa = PBXProject;
			attributes = {
				LastUpgradeCheck = 0630;
				ORGANIZATIONNAME = "Handle LLC";
				TargetAttributes = {
					878FA90F1B0950C0002015D1 = {
						CreatedOnToolsVersion = 6.3.1;
					};
					878FA9261B0950C0002015D1 = {
						CreatedOnToolsVersion = 6.3.1;
						TestTargetID = 878FA90F1B0950C0002015D1;
					};
				};
			};
			buildConfigurationList = 878FA90B1B0950C0002015D1 /* Build configuration list for PBXProject "HubWikiClient" */;
			compatibilityVersion = "Xcode 3.2";
			developmentRegion = English;
			hasScannedForEncodings = 0;
			knownRegions = (
				en,
				Base,
			);
			mainGroup = 878FA9071B0950C0002015D1;
			productRefGroup = 878FA9111B0950C0002015D1 /* Products */;
			projectDirPath = "";
			projectRoot = "";
			targets = (
				878FA90F1B0950C0002015D1 /* HubWikiClient */,
				878FA9261B0950C0002015D1 /* HubWikiClientTests */,
			);
		};
/* End PBXProject section */

/* Begin PBXResourcesBuildPhase section */
		878FA90E1B0950C0002015D1 /* Resources */ = {
			isa = PBXResourcesBuildPhase;
			buildActionMask = 2147483647;
			files = (
				878FA91D1B0950C0002015D1 /* Main.storyboard in Resources */,
				878FA9221B0950C0002015D1 /* LaunchScreen.xib in Resources */,
				878FA91F1B0950C0002015D1 /* Images.xcassets in Resources */,
			);
			runOnlyForDeploymentPostprocessing = 0;
		};
		878FA9251B0950C0002015D1 /* Resources */ = {
			isa = PBXResourcesBuildPhase;
			buildActionMask = 2147483647;
			files = (
			);
			runOnlyForDeploymentPostprocessing = 0;
		};
/* End PBXResourcesBuildPhase section */

/* Begin PBXSourcesBuildPhase section */
		878FA90C1B0950C0002015D1 /* Sources */ = {
			isa = PBXSourcesBuildPhase;
			buildActionMask = 2147483647;
			files = (
				878FA91A1B0950C0002015D1 /* DetailViewController.swift in Sources */,
				878FA9181B0950C0002015D1 /* MasterViewController.swift in Sources */,
				878FA9161B0950C0002015D1 /* AppDelegate.swift in Sources */,
			);
			runOnlyForDeploymentPostprocessing = 0;
		};
		878FA9231B0950C0002015D1 /* Sources */ = {
			isa = PBXSourcesBuildPhase;
			buildActionMask = 2147483647;
			files = (
				878FA92E1B0950C0002015D1 /* HubWikiClientTests.swift in Sources */,
			);
			runOnlyForDeploymentPostprocessing = 0;
		};
/* End PBXSourcesBuildPhase section */

/* Begin PBXTargetDependency section */
		878FA9291B0950C0002015D1 /* PBXTargetDependency */ = {
			isa = PBXTargetDependency;
			target = 878FA90F1B0950C0002015D1 /* HubWikiClient */;
			targetProxy = 878FA9281B0950C0002015D1 /* PBXContainerItemProxy */;
		};
/* End PBXTargetDependency section */

/* Begin PBXVariantGroup section */
		878FA91B1B0950C0002015D1 /* Main.storyboard */ = {
			isa = PBXVariantGroup;
			children = (
				878FA91C1B0950C0002015D1 /* Base */,
			);
			name = Main.storyboard;
			sourceTree = "<group>";
		};
		878FA9201B0950C0002015D1 /* LaunchScreen.xib */ = {
			isa = PBXVariantGroup;
			children = (
				878FA9211B0950C0002015D1 /* Base */,
			);
			name = LaunchScreen.xib;
			sourceTree = "<group>";
		};
/* End PBXVariantGroup section */

/* Begin XCBuildConfiguration section */
		878FA92F1B0950C0002015D1 /* Debug */ = {
			isa = XCBuildConfiguration;
			buildSettings = {
				ALWAYS_SEARCH_USER_PATHS = NO;
				CLANG_CXX_LANGUAGE_STANDARD = "gnu++0x";
				CLANG_CXX_LIBRARY = "libc++";
				CLANG_ENABLE_MODULES = YES;
				CLANG_ENABLE_OBJC_ARC = YES;
				CLANG_WARN_BOOL_CONVERSION = YES;
				CLANG_WARN_CONSTANT_CONVERSION = YES;
				CLANG_WARN_DIRECT_OBJC_ISA_USAGE = YES_ERROR;
				CLANG_WARN_EMPTY_BODY = YES;
				CLANG_WARN_ENUM_CONVERSION = YES;
				CLANG_WARN_INT_CONVERSION = YES;
				CLANG_WARN_OBJC_ROOT_CLASS = YES_ERROR;
				CLANG_WARN_UNREACHABLE_CODE = YES;
				CLANG_WARN__DUPLICATE_METHOD_MATCH = YES;
				"CODE_SIGN_IDENTITY[sdk=iphoneos*]" = "iPhone Developer";
				COPY_PHASE_STRIP = NO;
				DEBUG_INFORMATION_FORMAT = "dwarf-with-dsym";
				ENABLE_STRICT_OBJC_MSGSEND = YES;
				GCC_C_LANGUAGE_STANDARD = gnu99;
				GCC_DYNAMIC_NO_PIC = NO;
				GCC_NO_COMMON_BLOCKS = YES;
				GCC_OPTIMIZATION_LEVEL = 0;
				GCC_PREPROCESSOR_DEFINITIONS = (
					"DEBUG=1",
					"$(inherited)",
				);
				GCC_SYMBOLS_PRIVATE_EXTERN = NO;
				GCC_WARN_64_TO_32_BIT_CONVERSION = YES;
				GCC_WARN_ABOUT_RETURN_TYPE = YES_ERROR;
				GCC_WARN_UNDECLARED_SELECTOR = YES;
				GCC_WARN_UNINITIALIZED_AUTOS = YES_AGGRESSIVE;
				GCC_WARN_UNUSED_FUNCTION = YES;
				GCC_WARN_UNUSED_VARIABLE = YES;
				IPHONEOS_DEPLOYMENT_TARGET = 8.3;
				MTL_ENABLE_DEBUG_INFO = YES;
				ONLY_ACTIVE_ARCH = YES;
				SDKROOT = iphoneos;
				SWIFT_OPTIMIZATION_LEVEL = "-Onone";
				TARGETED_DEVICE_FAMILY = "1,2";
			};
			name = Debug;
		};
		878FA9301B0950C0002015D1 /* Release */ = {
			isa = XCBuildConfiguration;
			buildSettings = {
				ALWAYS_SEARCH_USER_PATHS = NO;
				CLANG_CXX_LANGUAGE_STANDARD = "gnu++0x";
				CLANG_CXX_LIBRARY = "libc++";
				CLANG_ENABLE_MODULES = YES;
				CLANG_ENABLE_OBJC_ARC = YES;
				CLANG_WARN_BOOL_CONVERSION = YES;
				CLANG_WARN_CONSTANT_CONVERSION = YES;
				CLANG_WARN_DIRECT_OBJC_ISA_USAGE = YES_ERROR;
				CLANG_WARN_EMPTY_BODY = YES;
				CLANG_WARN_ENUM_CONVERSION = YES;
				CLANG_WARN_INT_CONVERSION = YES;
				CLANG_WARN_OBJC_ROOT_CLASS = YES_ERROR;
				CLANG_WARN_UNREACHABLE_CODE = YES;
				CLANG_WARN__DUPLICATE_METHOD_MATCH = YES;
				"CODE_SIGN_IDENTITY[sdk=iphoneos*]" = "iPhone Developer";
				COPY_PHASE_STRIP = NO;
				DEBUG_INFORMATION_FORMAT = "dwarf-with-dsym";
				ENABLE_NS_ASSERTIONS = NO;
				ENABLE_STRICT_OBJC_MSGSEND = YES;
				GCC_C_LANGUAGE_STANDARD = gnu99;
				GCC_NO_COMMON_BLOCKS = YES;
				GCC_WARN_64_TO_32_BIT_CONVERSION = YES;
				GCC_WARN_ABOUT_RETURN_TYPE = YES_ERROR;
				GCC_WARN_UNDECLARED_SELECTOR = YES;
				GCC_WARN_UNINITIALIZED_AUTOS = YES_AGGRESSIVE;
				GCC_WARN_UNUSED_FUNCTION = YES;
				GCC_WARN_UNUSED_VARIABLE = YES;
				IPHONEOS_DEPLOYMENT_TARGET = 8.3;
				MTL_ENABLE_DEBUG_INFO = NO;
				SDKROOT = iphoneos;
				TARGETED_DEVICE_FAMILY = "1,2";
				VALIDATE_PRODUCT = YES;
			};
			name = Release;
		};
		878FA9321B0950C0002015D1 /* Debug */ = {
			isa = XCBuildConfiguration;
			buildSettings = {
				ASSETCATALOG_COMPILER_APPICON_NAME = AppIcon;
				INFOPLIST_FILE = HubWikiClientiOS/Info.plist;
				LD_RUNPATH_SEARCH_PATHS = "$(inherited) @executable_path/Frameworks";
				PRODUCT_NAME = "$(TARGET_NAME)";
			};
			name = Debug;
		};
		878FA9331B0950C0002015D1 /* Release */ = {
			isa = XCBuildConfiguration;
			buildSettings = {
				ASSETCATALOG_COMPILER_APPICON_NAME = AppIcon;
				INFOPLIST_FILE = HubWikiClientiOS/Info.plist;
				LD_RUNPATH_SEARCH_PATHS = "$(inherited) @executable_path/Frameworks";
				PRODUCT_NAME = "$(TARGET_NAME)";
			};
			name = Release;
		};
		878FA9351B0950C0002015D1 /* Debug */ = {
			isa = XCBuildConfiguration;
			buildSettings = {
				BUNDLE_LOADER = "$(TEST_HOST)";
				FRAMEWORK_SEARCH_PATHS = (
					"$(SDKROOT)/Developer/Library/Frameworks",
					"$(inherited)",
				);
				GCC_PREPROCESSOR_DEFINITIONS = (
					"DEBUG=1",
					"$(inherited)",
				);
				INFOPLIST_FILE = HubWikiClientiOSTests/Info.plist;
				LD_RUNPATH_SEARCH_PATHS = "$(inherited) @executable_path/Frameworks @loader_path/Frameworks";
				PRODUCT_NAME = "$(TARGET_NAME)";
				TEST_HOST = "$(BUILT_PRODUCTS_DIR)/HubWikiClient.app/HubWikiClient";
			};
			name = Debug;
		};
		878FA9361B0950C0002015D1 /* Release */ = {
			isa = XCBuildConfiguration;
			buildSettings = {
				BUNDLE_LOADER = "$(TEST_HOST)";
				FRAMEWORK_SEARCH_PATHS = (
					"$(SDKROOT)/Developer/Library/Frameworks",
					"$(inherited)",
				);
				INFOPLIST_FILE = HubWikiClientiOSTests/Info.plist;
				LD_RUNPATH_SEARCH_PATHS = "$(inherited) @executable_path/Frameworks @loader_path/Frameworks";
				PRODUCT_NAME = "$(TARGET_NAME)";
				TEST_HOST = "$(BUILT_PRODUCTS_DIR)/HubWikiClient.app/HubWikiClient";
			};
			name = Release;
		};
/* End XCBuildConfiguration section */

/* Begin XCConfigurationList section */
		878FA90B1B0950C0002015D1 /* Build configuration list for PBXProject "HubWikiClient" */ = {
			isa = XCConfigurationList;
			buildConfigurations = (
				878FA92F1B0950C0002015D1 /* Debug */,
				878FA9301B0950C0002015D1 /* Release */,
			);
			defaultConfigurationIsVisible = 0;
			defaultConfigurationName = Release;
		};
		878FA9311B0950C0002015D1 /* Build configuration list for PBXNativeTarget "HubWikiClient" */ = {
			isa = XCConfigurationList;
			buildConfigurations = (
				878FA9321B0950C0002015D1 /* Debug */,
				878FA9331B0950C0002015D1 /* Release */,
			);
			defaultConfigurationIsVisible = 0;
			defaultConfigurationName = Release;
		};
		878FA9341B0950C0002015D1 /* Build configuration list for PBXNativeTarget "HubWikiClientTests" */ = {
			isa = XCConfigurationList;
			buildConfigurations = (
				878FA9351B0950C0002015D1 /* Debug */,
				878FA9361B0950C0002015D1 /* Release */,
			);
			defaultConfigurationIsVisible = 0;
			defaultConfigurationName = Release;
		};
/* End XCConfigurationList section */
	};
	rootObject = 878FA9081B0950C0002015D1 /* Project object */;
}
